// !$*UTF8*$!
{
	archiveVersion = 1;
	classes = {
	};
	objectVersion = 50;
	objects = {

/* Begin PBXBuildFile section */
		4804057E24527D240099683B /* WDPopMenuShowViewController.m in Sources */ = {isa = PBXBuildFile; fileRef = 4804057D24527D240099683B /* WDPopMenuShowViewController.m */; };
		48040581245290C80099683B /* WDAlterSheetView.m in Sources */ = {isa = PBXBuildFile; fileRef = 48040580245290C80099683B /* WDAlterSheetView.m */; };
		48040586245291690099683B /* WDAlterSheetViewShowViewController.m in Sources */ = {isa = PBXBuildFile; fileRef = 48040585245291690099683B /* WDAlterSheetViewShowViewController.m */; };
		4804058A2452B1060099683B /* WDComboBoxControlViewController.m in Sources */ = {isa = PBXBuildFile; fileRef = 480405892452B1060099683B /* WDComboBoxControlViewController.m */; };
		4804058E2452B1360099683B /* WDComboBoxControl.m in Sources */ = {isa = PBXBuildFile; fileRef = 4804058D2452B1360099683B /* WDComboBoxControl.m */; };
		480405922452B2EF0099683B /* WDDropViewViewController.m in Sources */ = {isa = PBXBuildFile; fileRef = 480405912452B2EF0099683B /* WDDropViewViewController.m */; };
		480405962452B3040099683B /* WDDropView.m in Sources */ = {isa = PBXBuildFile; fileRef = 480405952452B3040099683B /* WDDropView.m */; };
		4804059D2452BDD00099683B /* WDDropViewTestView.m in Sources */ = {isa = PBXBuildFile; fileRef = 4804059C2452BDD00099683B /* WDDropViewTestView.m */; };
		4887C2212451713300355427 /* AppDelegate.m in Sources */ = {isa = PBXBuildFile; fileRef = 4887C2202451713300355427 /* AppDelegate.m */; };
		4887C2272451713300355427 /* Main.storyboard in Resources */ = {isa = PBXBuildFile; fileRef = 4887C2252451713300355427 /* Main.storyboard */; };
		4887C2292451713400355427 /* Assets.xcassets in Resources */ = {isa = PBXBuildFile; fileRef = 4887C2282451713400355427 /* Assets.xcassets */; };
		4887C22C2451713400355427 /* LaunchScreen.storyboard in Resources */ = {isa = PBXBuildFile; fileRef = 4887C22A2451713400355427 /* LaunchScreen.storyboard */; };
		4887C22F2451713400355427 /* main.m in Sources */ = {isa = PBXBuildFile; fileRef = 4887C22E2451713400355427 /* main.m */; };
		4887C25A2451718C00355427 /* HomeViewController.m in Sources */ = {isa = PBXBuildFile; fileRef = 4887C2562451718C00355427 /* HomeViewController.m */; };
		4887C25B2451718C00355427 /* NavigationController.m in Sources */ = {isa = PBXBuildFile; fileRef = 4887C2572451718C00355427 /* NavigationController.m */; };
		4887C25C2451718C00355427 /* BaseViewController.m in Sources */ = {isa = PBXBuildFile; fileRef = 4887C2592451718C00355427 /* BaseViewController.m */; };
		48BC1BE82451721600235EA6 /* BaseTableViewController.m in Sources */ = {isa = PBXBuildFile; fileRef = 48BC1BE72451721600235EA6 /* BaseTableViewController.m */; };
		48E6D222245185F2006A8AB8 /* WDPopMenu.m in Sources */ = {isa = PBXBuildFile; fileRef = 48E6D221245185F2006A8AB8 /* WDPopMenu.m */; };
		AF316E608501440B47529FDA /* libPods-Demo-ObjC.a in Frameworks */ = {isa = PBXBuildFile; fileRef = C7FF37565706FFE98756B140 /* libPods-Demo-ObjC.a */; };
/* End PBXBuildFile section */

/* Begin PBXFileReference section */
		030D05A776515A11BD009EFC /* Pods-Demo-ObjC.debug.xcconfig */ = {isa = PBXFileReference; includeInIndex = 1; lastKnownFileType = text.xcconfig; name = "Pods-Demo-ObjC.debug.xcconfig"; path = "Target Support Files/Pods-Demo-ObjC/Pods-Demo-ObjC.debug.xcconfig"; sourceTree = "<group>"; };
		4455D33C5A18B5526BF12CF4 /* Pods-Demo-ObjC.release.xcconfig */ = {isa = PBXFileReference; includeInIndex = 1; lastKnownFileType = text.xcconfig; name = "Pods-Demo-ObjC.release.xcconfig"; path = "Target Support Files/Pods-Demo-ObjC/Pods-Demo-ObjC.release.xcconfig"; sourceTree = "<group>"; };
		4804057C24527D240099683B /* WDPopMenuShowViewController.h */ = {isa = PBXFileReference; lastKnownFileType = sourcecode.c.h; path = WDPopMenuShowViewController.h; sourceTree = "<group>"; };
		4804057D24527D240099683B /* WDPopMenuShowViewController.m */ = {isa = PBXFileReference; lastKnownFileType = sourcecode.c.objc; path = WDPopMenuShowViewController.m; sourceTree = "<group>"; };
		4804057F245290C70099683B /* WDAlterSheetView.h */ = {isa = PBXFileReference; lastKnownFileType = sourcecode.c.h; path = WDAlterSheetView.h; sourceTree = "<group>"; };
		48040580245290C80099683B /* WDAlterSheetView.m */ = {isa = PBXFileReference; lastKnownFileType = sourcecode.c.objc; path = WDAlterSheetView.m; sourceTree = "<group>"; };
		48040584245291690099683B /* WDAlterSheetViewShowViewController.h */ = {isa = PBXFileReference; lastKnownFileType = sourcecode.c.h; path = WDAlterSheetViewShowViewController.h; sourceTree = "<group>"; };
		48040585245291690099683B /* WDAlterSheetViewShowViewController.m */ = {isa = PBXFileReference; lastKnownFileType = sourcecode.c.objc; path = WDAlterSheetViewShowViewController.m; sourceTree = "<group>"; };
		480405882452B1060099683B /* WDComboBoxControlViewController.h */ = {isa = PBXFileReference; lastKnownFileType = sourcecode.c.h; path = WDComboBoxControlViewController.h; sourceTree = "<group>"; };
		480405892452B1060099683B /* WDComboBoxControlViewController.m */ = {isa = PBXFileReference; lastKnownFileType = sourcecode.c.objc; path = WDComboBoxControlViewController.m; sourceTree = "<group>"; };
		4804058C2452B1360099683B /* WDComboBoxControl.h */ = {isa = PBXFileReference; lastKnownFileType = sourcecode.c.h; path = WDComboBoxControl.h; sourceTree = "<group>"; };
		4804058D2452B1360099683B /* WDComboBoxControl.m */ = {isa = PBXFileReference; lastKnownFileType = sourcecode.c.objc; path = WDComboBoxControl.m; sourceTree = "<group>"; };
		480405902452B2EF0099683B /* WDDropViewViewController.h */ = {isa = PBXFileReference; lastKnownFileType = sourcecode.c.h; path = WDDropViewViewController.h; sourceTree = "<group>"; };
		480405912452B2EF0099683B /* WDDropViewViewController.m */ = {isa = PBXFileReference; lastKnownFileType = sourcecode.c.objc; path = WDDropViewViewController.m; sourceTree = "<group>"; };
		480405942452B3040099683B /* WDDropView.h */ = {isa = PBXFileReference; lastKnownFileType = sourcecode.c.h; path = WDDropView.h; sourceTree = "<group>"; };
		480405952452B3040099683B /* WDDropView.m */ = {isa = PBXFileReference; lastKnownFileType = sourcecode.c.objc; path = WDDropView.m; sourceTree = "<group>"; };
		4804059B2452BDD00099683B /* WDDropViewTestView.h */ = {isa = PBXFileReference; lastKnownFileType = sourcecode.c.h; path = WDDropViewTestView.h; sourceTree = "<group>"; };
		4804059C2452BDD00099683B /* WDDropViewTestView.m */ = {isa = PBXFileReference; lastKnownFileType = sourcecode.c.objc; path = WDDropViewTestView.m; sourceTree = "<group>"; };
		4887C21C2451713300355427 /* Demo-ObjC.app */ = {isa = PBXFileReference; explicitFileType = wrapper.application; includeInIndex = 0; path = "Demo-ObjC.app"; sourceTree = BUILT_PRODUCTS_DIR; };
		4887C21F2451713300355427 /* AppDelegate.h */ = {isa = PBXFileReference; lastKnownFileType = sourcecode.c.h; path = AppDelegate.h; sourceTree = "<group>"; };
		4887C2202451713300355427 /* AppDelegate.m */ = {isa = PBXFileReference; lastKnownFileType = sourcecode.c.objc; path = AppDelegate.m; sourceTree = "<group>"; };
		4887C2262451713300355427 /* Base */ = {isa = PBXFileReference; lastKnownFileType = file.storyboard; name = Base; path = Base.lproj/Main.storyboard; sourceTree = "<group>"; };
		4887C2282451713400355427 /* Assets.xcassets */ = {isa = PBXFileReference; lastKnownFileType = folder.assetcatalog; path = Assets.xcassets; sourceTree = "<group>"; };
		4887C22B2451713400355427 /* Base */ = {isa = PBXFileReference; lastKnownFileType = file.storyboard; name = Base; path = Base.lproj/LaunchScreen.storyboard; sourceTree = "<group>"; };
		4887C22D2451713400355427 /* Info.plist */ = {isa = PBXFileReference; lastKnownFileType = text.plist.xml; path = Info.plist; sourceTree = "<group>"; };
		4887C22E2451713400355427 /* main.m */ = {isa = PBXFileReference; lastKnownFileType = sourcecode.c.objc; path = main.m; sourceTree = "<group>"; };
		4887C2542451718C00355427 /* HomeViewController.h */ = {isa = PBXFileReference; fileEncoding = 4; lastKnownFileType = sourcecode.c.h; path = HomeViewController.h; sourceTree = "<group>"; };
		4887C2552451718C00355427 /* BaseViewController.h */ = {isa = PBXFileReference; fileEncoding = 4; lastKnownFileType = sourcecode.c.h; path = BaseViewController.h; sourceTree = "<group>"; };
		4887C2562451718C00355427 /* HomeViewController.m */ = {isa = PBXFileReference; fileEncoding = 4; lastKnownFileType = sourcecode.c.objc; path = HomeViewController.m; sourceTree = "<group>"; };
		4887C2572451718C00355427 /* NavigationController.m */ = {isa = PBXFileReference; fileEncoding = 4; lastKnownFileType = sourcecode.c.objc; path = NavigationController.m; sourceTree = "<group>"; };
		4887C2582451718C00355427 /* NavigationController.h */ = {isa = PBXFileReference; fileEncoding = 4; lastKnownFileType = sourcecode.c.h; path = NavigationController.h; sourceTree = "<group>"; };
		4887C2592451718C00355427 /* BaseViewController.m */ = {isa = PBXFileReference; fileEncoding = 4; lastKnownFileType = sourcecode.c.objc; path = BaseViewController.m; sourceTree = "<group>"; };
		48BC1BE62451721600235EA6 /* BaseTableViewController.h */ = {isa = PBXFileReference; lastKnownFileType = sourcecode.c.h; path = BaseTableViewController.h; sourceTree = "<group>"; };
		48BC1BE72451721600235EA6 /* BaseTableViewController.m */ = {isa = PBXFileReference; lastKnownFileType = sourcecode.c.objc; path = BaseTableViewController.m; sourceTree = "<group>"; };
		48BC1BEA2451761800235EA6 /* PrefixHeader.pch */ = {isa = PBXFileReference; lastKnownFileType = sourcecode.c.h; path = PrefixHeader.pch; sourceTree = "<group>"; };
		48E6D220245185F2006A8AB8 /* WDPopMenu.h */ = {isa = PBXFileReference; lastKnownFileType = sourcecode.c.h; path = WDPopMenu.h; sourceTree = "<group>"; };
		48E6D221245185F2006A8AB8 /* WDPopMenu.m */ = {isa = PBXFileReference; lastKnownFileType = sourcecode.c.objc; path = WDPopMenu.m; sourceTree = "<group>"; };
		C7FF37565706FFE98756B140 /* libPods-Demo-ObjC.a */ = {isa = PBXFileReference; explicitFileType = archive.ar; includeInIndex = 0; path = "libPods-Demo-ObjC.a"; sourceTree = BUILT_PRODUCTS_DIR; };
/* End PBXFileReference section */

/* Begin PBXFrameworksBuildPhase section */
		4887C2192451713300355427 /* Frameworks */ = {
			isa = PBXFrameworksBuildPhase;
			buildActionMask = 2147483647;
			files = (
				AF316E608501440B47529FDA /* libPods-Demo-ObjC.a in Frameworks */,
			);
			runOnlyForDeploymentPostprocessing = 0;
		};
/* End PBXFrameworksBuildPhase section */

/* Begin PBXGroup section */
		2BDF40DA015643E02CA48F49 /* Frameworks */ = {
			isa = PBXGroup;
			children = (
				C7FF37565706FFE98756B140 /* libPods-Demo-ObjC.a */,
			);
			name = Frameworks;
			sourceTree = "<group>";
		};
		4804057A24527CFE0099683B /* Classes */ = {
			isa = PBXGroup;
			children = (
				48E6D220245185F2006A8AB8 /* WDPopMenu.h */,
				48E6D221245185F2006A8AB8 /* WDPopMenu.m */,
			);
			path = Classes;
			sourceTree = "<group>";
		};
		4804057B24527D030099683B /* WDPopMenu */ = {
			isa = PBXGroup;
			children = (
				4804057A24527CFE0099683B /* Classes */,
				4804057C24527D240099683B /* WDPopMenuShowViewController.h */,
				4804057D24527D240099683B /* WDPopMenuShowViewController.m */,
			);
			path = WDPopMenu;
			sourceTree = "<group>";
		};
		48040582245291470099683B /* WDAlterSheetView */ = {
			isa = PBXGroup;
			children = (
				480405832452914B0099683B /* Classes */,
				48040584245291690099683B /* WDAlterSheetViewShowViewController.h */,
				48040585245291690099683B /* WDAlterSheetViewShowViewController.m */,
			);
			path = WDAlterSheetView;
			sourceTree = "<group>";
		};
		480405832452914B0099683B /* Classes */ = {
			isa = PBXGroup;
			children = (
				4804057F245290C70099683B /* WDAlterSheetView.h */,
				48040580245290C80099683B /* WDAlterSheetView.m */,
			);
			path = Classes;
			sourceTree = "<group>";
		};
		48040587245295EA0099683B /* BaseClass */ = {
			isa = PBXGroup;
			children = (
				4887C2582451718C00355427 /* NavigationController.h */,
				4887C2572451718C00355427 /* NavigationController.m */,
				4887C2552451718C00355427 /* BaseViewController.h */,
				4887C2592451718C00355427 /* BaseViewController.m */,
				48BC1BE62451721600235EA6 /* BaseTableViewController.h */,
				48BC1BE72451721600235EA6 /* BaseTableViewController.m */,
			);
			path = BaseClass;
			sourceTree = "<group>";
		};
		4804058B2452B10B0099683B /* WDComboBoxControl */ = {
			isa = PBXGroup;
			children = (
				480405882452B1060099683B /* WDComboBoxControlViewController.h */,
				480405892452B1060099683B /* WDComboBoxControlViewController.m */,
				4804058F2452B1390099683B /* Classes */,
			);
			path = WDComboBoxControl;
			sourceTree = "<group>";
		};
		4804058F2452B1390099683B /* Classes */ = {
			isa = PBXGroup;
			children = (
				4804058C2452B1360099683B /* WDComboBoxControl.h */,
				4804058D2452B1360099683B /* WDComboBoxControl.m */,
			);
			path = Classes;
			sourceTree = "<group>";
		};
		480405932452B2F80099683B /* WDDropView */ = {
			isa = PBXGroup;
			children = (
				480405902452B2EF0099683B /* WDDropViewViewController.h */,
				480405912452B2EF0099683B /* WDDropViewViewController.m */,
				4804059B2452BDD00099683B /* WDDropViewTestView.h */,
				4804059C2452BDD00099683B /* WDDropViewTestView.m */,
				480405972452B3970099683B /* Classes */,
			);
			path = WDDropView;
			sourceTree = "<group>";
		};
		480405972452B3970099683B /* Classes */ = {
			isa = PBXGroup;
			children = (
				480405942452B3040099683B /* WDDropView.h */,
				480405952452B3040099683B /* WDDropView.m */,
			);
			path = Classes;
			sourceTree = "<group>";
		};
		4887C2132451713300355427 = {
			isa = PBXGroup;
			children = (
				4887C21E2451713300355427 /* Demo-ObjC */,
				4887C21D2451713300355427 /* Products */,
				F89C24721589A655D4190139 /* Pods */,
				2BDF40DA015643E02CA48F49 /* Frameworks */,
			);
			sourceTree = "<group>";
		};
		4887C21D2451713300355427 /* Products */ = {
			isa = PBXGroup;
			children = (
				4887C21C2451713300355427 /* Demo-ObjC.app */,
			);
			name = Products;
			sourceTree = "<group>";
		};
		4887C21E2451713300355427 /* Demo-ObjC */ = {
			isa = PBXGroup;
			children = (
				4887C2542451718C00355427 /* HomeViewController.h */,
				4887C2562451718C00355427 /* HomeViewController.m */,
				480405932452B2F80099683B /* WDDropView */,
				4804058B2452B10B0099683B /* WDComboBoxControl */,
				48040587245295EA0099683B /* BaseClass */,
				48040582245291470099683B /* WDAlterSheetView */,
				4804057B24527D030099683B /* WDPopMenu */,
				4887C2352451714A00355427 /* Supporting Files */,
			);
			path = "Demo-ObjC";
			sourceTree = "<group>";
		};
		4887C2352451714A00355427 /* Supporting Files */ = {
			isa = PBXGroup;
			children = (
				4887C21F2451713300355427 /* AppDelegate.h */,
				4887C2202451713300355427 /* AppDelegate.m */,
				4887C2252451713300355427 /* Main.storyboard */,
				4887C2282451713400355427 /* Assets.xcassets */,
				4887C22A2451713400355427 /* LaunchScreen.storyboard */,
				4887C22D2451713400355427 /* Info.plist */,
				4887C22E2451713400355427 /* main.m */,
				48BC1BEA2451761800235EA6 /* PrefixHeader.pch */,
			);
			path = "Supporting Files";
			sourceTree = "<group>";
		};
		F89C24721589A655D4190139 /* Pods */ = {
			isa = PBXGroup;
			children = (
				030D05A776515A11BD009EFC /* Pods-Demo-ObjC.debug.xcconfig */,
				4455D33C5A18B5526BF12CF4 /* Pods-Demo-ObjC.release.xcconfig */,
			);
			path = Pods;
			sourceTree = "<group>";
		};
/* End PBXGroup section */

/* Begin PBXNativeTarget section */
		4887C21B2451713300355427 /* Demo-ObjC */ = {
			isa = PBXNativeTarget;
			buildConfigurationList = 4887C2322451713400355427 /* Build configuration list for PBXNativeTarget "Demo-ObjC" */;
			buildPhases = (
				93C4437114FB9811BBE2D7B5 /* [CP] Check Pods Manifest.lock */,
				4887C2182451713300355427 /* Sources */,
				4887C2192451713300355427 /* Frameworks */,
				4887C21A2451713300355427 /* Resources */,
			);
			buildRules = (
			);
			dependencies = (
			);
			name = "Demo-ObjC";
			productName = "Demo-ObjC";
			productReference = 4887C21C2451713300355427 /* Demo-ObjC.app */;
			productType = "com.apple.product-type.application";
		};
/* End PBXNativeTarget section */

/* Begin PBXProject section */
		4887C2142451713300355427 /* Project object */ = {
			isa = PBXProject;
			attributes = {
				LastUpgradeCheck = 1030;
				ORGANIZATIONNAME = wudan;
				TargetAttributes = {
					4887C21B2451713300355427 = {
						CreatedOnToolsVersion = 10.3;
					};
				};
			};
			buildConfigurationList = 4887C2172451713300355427 /* Build configuration list for PBXProject "Demo-ObjC" */;
			compatibilityVersion = "Xcode 9.3";
			developmentRegion = en;
			hasScannedForEncodings = 0;
			knownRegions = (
				en,
				Base,
			);
			mainGroup = 4887C2132451713300355427;
			productRefGroup = 4887C21D2451713300355427 /* Products */;
			projectDirPath = "";
			projectRoot = "";
			targets = (
				4887C21B2451713300355427 /* Demo-ObjC */,
			);
		};
/* End PBXProject section */

/* Begin PBXResourcesBuildPhase section */
		4887C21A2451713300355427 /* Resources */ = {
			isa = PBXResourcesBuildPhase;
			buildActionMask = 2147483647;
			files = (
				4887C22C2451713400355427 /* LaunchScreen.storyboard in Resources */,
				4887C2292451713400355427 /* Assets.xcassets in Resources */,
				4887C2272451713300355427 /* Main.storyboard in Resources */,
			);
			runOnlyForDeploymentPostprocessing = 0;
		};
/* End PBXResourcesBuildPhase section */

/* Begin PBXShellScriptBuildPhase section */
		93C4437114FB9811BBE2D7B5 /* [CP] Check Pods Manifest.lock */ = {
			isa = PBXShellScriptBuildPhase;
			buildActionMask = 2147483647;
			files = (
			);
			inputFileListPaths = (
			);
			inputPaths = (
				"${PODS_PODFILE_DIR_PATH}/Podfile.lock",
				"${PODS_ROOT}/Manifest.lock",
			);
			name = "[CP] Check Pods Manifest.lock";
			outputFileListPaths = (
			);
			outputPaths = (
				"$(DERIVED_FILE_DIR)/Pods-Demo-ObjC-checkManifestLockResult.txt",
			);
			runOnlyForDeploymentPostprocessing = 0;
			shellPath = /bin/sh;
			shellScript = "diff \"${PODS_PODFILE_DIR_PATH}/Podfile.lock\" \"${PODS_ROOT}/Manifest.lock\" > /dev/null\nif [ $? != 0 ] ; then\n    # print error to STDERR\n    echo \"error: The sandbox is not in sync with the Podfile.lock. Run 'pod install' or update your CocoaPods installation.\" >&2\n    exit 1\nfi\n# This output is used by Xcode 'outputs' to avoid re-running this script phase.\necho \"SUCCESS\" > \"${SCRIPT_OUTPUT_FILE_0}\"\n";
			showEnvVarsInLog = 0;
		};
/* End PBXShellScriptBuildPhase section */

/* Begin PBXSourcesBuildPhase section */
		4887C2182451713300355427 /* Sources */ = {
			isa = PBXSourcesBuildPhase;
			buildActionMask = 2147483647;
			files = (
				48040586245291690099683B /* WDAlterSheetViewShowViewController.m in Sources */,
				4804058A2452B1060099683B /* WDComboBoxControlViewController.m in Sources */,
				4887C22F2451713400355427 /* main.m in Sources */,
				4804058E2452B1360099683B /* WDComboBoxControl.m in Sources */,
				4887C25B2451718C00355427 /* NavigationController.m in Sources */,
				4804059D2452BDD00099683B /* WDDropViewTestView.m in Sources */,
				48BC1BE82451721600235EA6 /* BaseTableViewController.m in Sources */,
				48040581245290C80099683B /* WDAlterSheetView.m in Sources */,
				4887C25C2451718C00355427 /* BaseViewController.m in Sources */,
				4887C2212451713300355427 /* AppDelegate.m in Sources */,
				480405922452B2EF0099683B /* WDDropViewViewController.m in Sources */,
				480405962452B3040099683B /* WDDropView.m in Sources */,
				48E6D222245185F2006A8AB8 /* WDPopMenu.m in Sources */,
				4887C25A2451718C00355427 /* HomeViewController.m in Sources */,
				4804057E24527D240099683B /* WDPopMenuShowViewController.m in Sources */,
			);
			runOnlyForDeploymentPostprocessing = 0;
		};
/* End PBXSourcesBuildPhase section */

/* Begin PBXVariantGroup section */
		4887C2252451713300355427 /* Main.storyboard */ = {
			isa = PBXVariantGroup;
			children = (
				4887C2262451713300355427 /* Base */,
			);
			name = Main.storyboard;
			sourceTree = "<group>";
		};
		4887C22A2451713400355427 /* LaunchScreen.storyboard */ = {
			isa = PBXVariantGroup;
			children = (
				4887C22B2451713400355427 /* Base */,
			);
			name = LaunchScreen.storyboard;
			sourceTree = "<group>";
		};
/* End PBXVariantGroup section */

/* Begin XCBuildConfiguration section */
		4887C2302451713400355427 /* Debug */ = {
			isa = XCBuildConfiguration;
			buildSettings = {
				ALWAYS_SEARCH_USER_PATHS = NO;
				CLANG_ANALYZER_NONNULL = YES;
				CLANG_ANALYZER_NUMBER_OBJECT_CONVERSION = YES_AGGRESSIVE;
				CLANG_CXX_LANGUAGE_STANDARD = "gnu++14";
				CLANG_CXX_LIBRARY = "libc++";
				CLANG_ENABLE_MODULES = YES;
				CLANG_ENABLE_OBJC_ARC = YES;
				CLANG_ENABLE_OBJC_WEAK = YES;
				CLANG_WARN_BLOCK_CAPTURE_AUTORELEASING = YES;
				CLANG_WARN_BOOL_CONVERSION = YES;
				CLANG_WARN_COMMA = YES;
				CLANG_WARN_CONSTANT_CONVERSION = YES;
				CLANG_WARN_DEPRECATED_OBJC_IMPLEMENTATIONS = YES;
				CLANG_WARN_DIRECT_OBJC_ISA_USAGE = YES_ERROR;
				CLANG_WARN_DOCUMENTATION_COMMENTS = YES;
				CLANG_WARN_EMPTY_BODY = YES;
				CLANG_WARN_ENUM_CONVERSION = YES;
				CLANG_WARN_INFINITE_RECURSION = YES;
				CLANG_WARN_INT_CONVERSION = YES;
				CLANG_WARN_NON_LITERAL_NULL_CONVERSION = YES;
				CLANG_WARN_OBJC_IMPLICIT_RETAIN_SELF = YES;
				CLANG_WARN_OBJC_LITERAL_CONVERSION = YES;
				CLANG_WARN_OBJC_ROOT_CLASS = YES_ERROR;
				CLANG_WARN_RANGE_LOOP_ANALYSIS = YES;
				CLANG_WARN_STRICT_PROTOTYPES = YES;
				CLANG_WARN_SUSPICIOUS_MOVE = YES;
				CLANG_WARN_UNGUARDED_AVAILABILITY = YES_AGGRESSIVE;
				CLANG_WARN_UNREACHABLE_CODE = YES;
				CLANG_WARN__DUPLICATE_METHOD_MATCH = YES;
				CODE_SIGN_IDENTITY = "iPhone Developer";
				COPY_PHASE_STRIP = NO;
				DEBUG_INFORMATION_FORMAT = dwarf;
				ENABLE_STRICT_OBJC_MSGSEND = YES;
				ENABLE_TESTABILITY = YES;
				GCC_C_LANGUAGE_STANDARD = gnu11;
				GCC_DYNAMIC_NO_PIC = NO;
				GCC_NO_COMMON_BLOCKS = YES;
				GCC_OPTIMIZATION_LEVEL = 0;
				GCC_PREPROCESSOR_DEFINITIONS = (
					"DEBUG=1",
					"$(inherited)",
				);
				GCC_WARN_64_TO_32_BIT_CONVERSION = YES;
				GCC_WARN_ABOUT_RETURN_TYPE = YES_ERROR;
				GCC_WARN_UNDECLARED_SELECTOR = YES;
				GCC_WARN_UNINITIALIZED_AUTOS = YES_AGGRESSIVE;
				GCC_WARN_UNUSED_FUNCTION = YES;
				GCC_WARN_UNUSED_VARIABLE = YES;
				IPHONEOS_DEPLOYMENT_TARGET = 12.4;
				MTL_ENABLE_DEBUG_INFO = INCLUDE_SOURCE;
				MTL_FAST_MATH = YES;
				ONLY_ACTIVE_ARCH = YES;
				SDKROOT = iphoneos;
			};
			name = Debug;
		};
		4887C2312451713400355427 /* Release */ = {
			isa = XCBuildConfiguration;
			buildSettings = {
				ALWAYS_SEARCH_USER_PATHS = NO;
				CLANG_ANALYZER_NONNULL = YES;
				CLANG_ANALYZER_NUMBER_OBJECT_CONVERSION = YES_AGGRESSIVE;
				CLANG_CXX_LANGUAGE_STANDARD = "gnu++14";
				CLANG_CXX_LIBRARY = "libc++";
				CLANG_ENABLE_MODULES = YES;
				CLANG_ENABLE_OBJC_ARC = YES;
				CLANG_ENABLE_OBJC_WEAK = YES;
				CLANG_WARN_BLOCK_CAPTURE_AUTORELEASING = YES;
				CLANG_WARN_BOOL_CONVERSION = YES;
				CLANG_WARN_COMMA = YES;
				CLANG_WARN_CONSTANT_CONVERSION = YES;
				CLANG_WARN_DEPRECATED_OBJC_IMPLEMENTATIONS = YES;
				CLANG_WARN_DIRECT_OBJC_ISA_USAGE = YES_ERROR;
				CLANG_WARN_DOCUMENTATION_COMMENTS = YES;
				CLANG_WARN_EMPTY_BODY = YES;
				CLANG_WARN_ENUM_CONVERSION = YES;
				CLANG_WARN_INFINITE_RECURSION = YES;
				CLANG_WARN_INT_CONVERSION = YES;
				CLANG_WARN_NON_LITERAL_NULL_CONVERSION = YES;
				CLANG_WARN_OBJC_IMPLICIT_RETAIN_SELF = YES;
				CLANG_WARN_OBJC_LITERAL_CONVERSION = YES;
				CLANG_WARN_OBJC_ROOT_CLASS = YES_ERROR;
				CLANG_WARN_RANGE_LOOP_ANALYSIS = YES;
				CLANG_WARN_STRICT_PROTOTYPES = YES;
				CLANG_WARN_SUSPICIOUS_MOVE = YES;
				CLANG_WARN_UNGUARDED_AVAILABILITY = YES_AGGRESSIVE;
				CLANG_WARN_UNREACHABLE_CODE = YES;
				CLANG_WARN__DUPLICATE_METHOD_MATCH = YES;
				CODE_SIGN_IDENTITY = "iPhone Developer";
				COPY_PHASE_STRIP = NO;
				DEBUG_INFORMATION_FORMAT = "dwarf-with-dsym";
				ENABLE_NS_ASSERTIONS = NO;
				ENABLE_STRICT_OBJC_MSGSEND = YES;
				GCC_C_LANGUAGE_STANDARD = gnu11;
				GCC_NO_COMMON_BLOCKS = YES;
				GCC_WARN_64_TO_32_BIT_CONVERSION = YES;
				GCC_WARN_ABOUT_RETURN_TYPE = YES_ERROR;
				GCC_WARN_UNDECLARED_SELECTOR = YES;
				GCC_WARN_UNINITIALIZED_AUTOS = YES_AGGRESSIVE;
				GCC_WARN_UNUSED_FUNCTION = YES;
				GCC_WARN_UNUSED_VARIABLE = YES;
				IPHONEOS_DEPLOYMENT_TARGET = 12.4;
				MTL_ENABLE_DEBUG_INFO = NO;
				MTL_FAST_MATH = YES;
				SDKROOT = iphoneos;
				VALIDATE_PRODUCT = YES;
			};
			name = Release;
		};
		4887C2332451713400355427 /* Debug */ = {
			isa = XCBuildConfiguration;
			baseConfigurationReference = 030D05A776515A11BD009EFC /* Pods-Demo-ObjC.debug.xcconfig */;
			buildSettings = {
				ASSETCATALOG_COMPILER_APPICON_NAME = AppIcon;
				CODE_SIGN_STYLE = Automatic;
				DEVELOPMENT_TEAM = 5TU5547C6N;
				GCC_PREFIX_HEADER = "$(SRCROOT)/$(PROJECT_NAME)/Supporting Files/PrefixHeader.pch";
				INFOPLIST_FILE = "$(SRCROOT)/Demo-ObjC/Supporting Files/Info.plist";
				LD_RUNPATH_SEARCH_PATHS = (
					"$(inherited)",
					"@executable_path/Frameworks",
				);
				PRODUCT_BUNDLE_IDENTIFIER = "com.hefei.Demo-ObjC";
				PRODUCT_NAME = "$(TARGET_NAME)";
				TARGETED_DEVICE_FAMILY = 1;
			};
			name = Debug;
		};
		4887C2342451713400355427 /* Release */ = {
			isa = XCBuildConfiguration;
			baseConfigurationReference = 4455D33C5A18B5526BF12CF4 /* Pods-Demo-ObjC.release.xcconfig */;
			buildSettings = {
				ASSETCATALOG_COMPILER_APPICON_NAME = AppIcon;
				CODE_SIGN_STYLE = Automatic;
				DEVELOPMENT_TEAM = 5TU5547C6N;
				GCC_PREFIX_HEADER = "$(SRCROOT)/$(PROJECT_NAME)/Supporting Files/PrefixHeader.pch";
				INFOPLIST_FILE = "$(SRCROOT)/Demo-ObjC/Supporting Files/Info.plist";
				LD_RUNPATH_SEARCH_PATHS = (
					"$(inherited)",
					"@executable_path/Frameworks",
				);
				PRODUCT_BUNDLE_IDENTIFIER = "com.hefei.Demo-ObjC";
				PRODUCT_NAME = "$(TARGET_NAME)";
				TARGETED_DEVICE_FAMILY = 1;
			};
			name = Release;
		};
/* End XCBuildConfiguration section */

/* Begin XCConfigurationList section */
		4887C2172451713300355427 /* Build configuration list for PBXProject "Demo-ObjC" */ = {
			isa = XCConfigurationList;
			buildConfigurations = (
				4887C2302451713400355427 /* Debug */,
				4887C2312451713400355427 /* Release */,
			);
			defaultConfigurationIsVisible = 0;
			defaultConfigurationName = Release;
		};
		4887C2322451713400355427 /* Build configuration list for PBXNativeTarget "Demo-ObjC" */ = {
			isa = XCConfigurationList;
			buildConfigurations = (
				4887C2332451713400355427 /* Debug */,
				4887C2342451713400355427 /* Release */,
			);
			defaultConfigurationIsVisible = 0;
			defaultConfigurationName = Release;
		};
/* End XCConfigurationList section */
	};
	rootObject = 4887C2142451713300355427 /* Project object */;
}
